
Microsoft Visual Studio Solution File, Format Version 12.00
# Visual Studio Version 16
VisualStudioVersion = 25.0.1703.1
MinimumVisualStudioVersion = 10.0.40219.1
Project("{FAE04EC0-301F-11D3-BF4B-00C04F79EFBC}") = "LIB", "LIB\LIB.csproj", "{876AE392-8FFF-4A96-9B02-8354F26B4065}"
EndProject
Global
	GlobalSection(SolutionConfigurationPlatforms) = preSolution
		Debug|Any CPU = Debug|Any CPU
		Release|Any CPU = Release|Any CPU
	EndGlobalSection
	GlobalSection(ProjectConfigurationPlatforms) = postSolution
		{876AE392-8FFF-4A96-9B02-8354F26B4065}.Debug|Any CPU.ActiveCfg = Debug|Any CPU
		{876AE392-8FFF-4A96-9B02-8354F26B4065}.Debug|Any CPU.Build.0 = Debug|Any CPU
		{876AE392-8FFF-4A96-9B02-8354F26B4065}.Release|Any CPU.ActiveCfg = Release|Any CPU
		{876AE392-8FFF-4A96-9B02-8354F26B4065}.Release|Any CPU.Build.0 = Release|Any CPU
	EndGlobalSection
	GlobalSection(SolutionProperties) = preSolution
		HideSolutionNode = FALSE
	EndGlobalSection
	GlobalSection(ExtensibilityGlobals) = postSolution
		SolutionGuid = {DD86773A-FCCA-4936-9471-45E99FC0D860}
	EndGlobalSection
EndGlobal
